github.com/davecgh/go-spew v1.1.1 h1:vj9j/u1bqnvCEfJOwUhtlOARqs3+rkHYY13jYWTU97c=
github.com/davecgh/go-spew v1.1.1/go.mod h1:J7Y8YcW2NihsgmVo/mv3lAwl/skON4iLHjSsI+c5H38=
github.com/guotie/gogb2312 v0.0.0-20160513031741-a052a05f3e7e h1:f7jJogREo6iPZyJXlEVeGQ0RZQQvwdasF0IWmZxmgR4=
github.com/guotie/gogb2312 v0.0.0-20160513031741-a052a05f3e7e/go.mod h1:IHJAl8nTHDYlOUIkSmRCjjgCZreaGm5yc7R0Yw2l72g=
github.com/nzai/bio v0.1.1 h1:TM3Q7YwACHsMFBZB7JWtrtUMjhvpigMsp4RfNME6Aw4=
github.com/nzai/bio v0.1.1/go.mod h1:+re02otbgAwo7nTaV9hfuEEWPa0tLCQfds1aWCnxecc=
github.com/nzai/go-utility v0.0.0-20180725085250-91af5f66fe57 h1:O3bR5NVw/z95CjAI5BP4bJrzEF+J5si4iOjfdoVfaBk=
github.com/nzai/go-utility v0.0.0-20180725085250-91af5f66fe57/go.mod h1:8YXlNguqJ7ACEpgo+lDgXu054wMZB9sio4HyFIDxS1M=
github.com/pkg/errors v0.8.0 h1:WdK/asTD0HN+q6hsWO3/vpuAkAr+tw6aNJNDFFf0+qw=
github.com/pkg/errors v0.8.0/go.mod h1:bwawxfHBFNV+L2hUp1rHADufV3IMtnDRdf1r5NINEl0=
github.com/pmezard/go-difflib v1.0.0 h1:4DBwDE0NGyQoBHbLQYPwSUPoCMWR5BEzIk/f1lZbAQM=
github.com/pmezard/go-difflib v1.0.0/go.mod h1:iKH77koFhYxTK1pcRnkKkqfTogsbg7gZNVY4sRDYZ/4=
github.com/stretchr/testify v1.2.2 h1:bSDNvY7ZPG5RlJ8otE/7V6gMiyenm9RtJ7IUVIAoJ1w=
github.com/stretchr/testify v1.2.2/go.mod h1:a8OnRcib4nhh0OaRAV+Yts87kKdq0PP7pXfy6kDkUVs=
go.uber.org/atomic v1.3.2 h1:2Oa65PReHzfn29GpvgsYwloV9AVFHPDk8tYxt2c2tr4=
go.uber.org/atomic v1.3.2/go.mod h1:gD2HeocX3+yG+ygLZcrzQJaqmWj9AIm7n08wl/qW/PE=
go.uber.org/multierr v1.1.0 h1:HoEmRHQPVSqub6w2z2d2EOVs2fjyFRGyofhKuyDq0QI=
go.uber.org/multierr v1.1.0/go.mod h1:wR5kodmAFQ0UK8QlbwjlSNy0Z68gJhDJUG5sjR94q/0=
go.uber.org/zap v1.9.1 h1:XCJQEf3W6eZaVwhRBof6ImoYGJSITeKWsyeh3HFu/5o=
go.uber.org/zap v1.9.1/go.mod h1:vwi/ZaCAaUcBkycHslxD9B2zi4UTXhF60s6SWpuDF0Q=
